
Microsoft Visual Studio Solution File, Format Version 12.00
# Visual Studio 2013
# UnrealEngineGeneratedSolutionVersion=1.0
Project("{2150E333-8FDC-42A3-9474-1A3956D46DE8}") = "Engine", "Engine", "{9BC6EECE-AE52-4770-9414-DCF4C481D2E4}"
EndProject
Project("{2150E333-8FDC-42A3-9474-1A3956D46DE8}") = "Games", "Games", "{EACB6075-BE03-417A-B77A-BBE4E11C4F3F}"
EndProject
Project("{8BC9CEB8-8B4A-11D0-8D11-00A0C91BC942}") = "BoatGame", "Intermediate\ProjectFiles\BoatGame.vcxproj", "{CED68197-E421-4908-A69B-60F00E87E7FD}"
EndProject
Project("{8BC9CEB8-8B4A-11D0-8D11-00A0C91BC942}") = "UE4", "Intermediate\ProjectFiles\UE4.vcxproj", "{1092EA05-7CF4-429C-8B7A-507843C448F7}"
EndProject
Global
	GlobalSection(SolutionConfigurationPlatforms) = preSolution
		DebugGame Editor|Win32 = DebugGame Editor|Win32
		DebugGame Editor|Win64 = DebugGame Editor|Win64
		DebugGame|Win32 = DebugGame|Win32
		DebugGame|Win64 = DebugGame|Win64
		Development Editor|Win32 = Development Editor|Win32
		Development Editor|Win64 = Development Editor|Win64
		Development|Win32 = Development|Win32
		Development|Win64 = Development|Win64
		Shipping|Win32 = Shipping|Win32
		Shipping|Win64 = Shipping|Win64
	EndGlobalSection
	GlobalSection(ProjectConfigurationPlatforms) = postSolution
		{CED68197-E421-4908-A69B-60F00E87E7FD}.DebugGame Editor|Win32.ActiveCfg = DebugGame_Editor|Win32
		{CED68197-E421-4908-A69B-60F00E87E7FD}.DebugGame Editor|Win32.Build.0 = DebugGame_Editor|Win32
		{CED68197-E421-4908-A69B-60F00E87E7FD}.DebugGame Editor|Win64.ActiveCfg = DebugGame_Editor|x64
		{CED68197-E421-4908-A69B-60F00E87E7FD}.DebugGame Editor|Win64.Build.0 = DebugGame_Editor|x64
		{CED68197-E421-4908-A69B-60F00E87E7FD}.DebugGame|Win32.ActiveCfg = DebugGame_Game|Win32
		{CED68197-E421-4908-A69B-60F00E87E7FD}.DebugGame|Win32.Build.0 = DebugGame_Game|Win32
		{CED68197-E421-4908-A69B-60F00E87E7FD}.DebugGame|Win64.ActiveCfg = DebugGame_Game|x64
		{CED68197-E421-4908-A69B-60F00E87E7FD}.DebugGame|Win64.Build.0 = DebugGame_Game|x64
		{CED68197-E421-4908-A69B-60F00E87E7FD}.Development Editor|Win32.ActiveCfg = Development_Editor|Win32
		{CED68197-E421-4908-A69B-60F00E87E7FD}.Development Editor|Win32.Build.0 = Development_Editor|Win32
		{CED68197-E421-4908-A69B-60F00E87E7FD}.Development Editor|Win64.ActiveCfg = Development_Editor|x64
		{CED68197-E421-4908-A69B-60F00E87E7FD}.Development Editor|Win64.Build.0 = Development_Editor|x64
		{CED68197-E421-4908-A69B-60F00E87E7FD}.Development|Win32.ActiveCfg = Development_Game|Win32
		{CED68197-E421-4908-A69B-60F00E87E7FD}.Development|Win32.Build.0 = Development_Game|Win32
		{CED68197-E421-4908-A69B-60F00E87E7FD}.Development|Win64.ActiveCfg = Development_Game|x64
		{CED68197-E421-4908-A69B-60F00E87E7FD}.Development|Win64.Build.0 = Development_Game|x64
		{CED68197-E421-4908-A69B-60F00E87E7FD}.Shipping|Win32.ActiveCfg = Shipping_Game|Win32
		{CED68197-E421-4908-A69B-60F00E87E7FD}.Shipping|Win32.Build.0 = Shipping_Game|Win32
		{CED68197-E421-4908-A69B-60F00E87E7FD}.Shipping|Win64.ActiveCfg = Shipping_Game|x64
		{CED68197-E421-4908-A69B-60F00E87E7FD}.Shipping|Win64.Build.0 = Shipping_Game|x64
	EndGlobalSection
	GlobalSection(SolutionProperties) = preSolution
		HideSolutionNode = FALSE
	EndGlobalSection
	GlobalSection(NestedProjects) = preSolution
		{1092EA05-7CF4-429C-8B7A-507843C448F7} = {9BC6EECE-AE52-4770-9414-DCF4C481D2E4}
		{CED68197-E421-4908-A69B-60F00E87E7FD} = {EACB6075-BE03-417A-B77A-BBE4E11C4F3F}
	EndGlobalSection
EndGlobal
